
Microsoft Visual Studio Solution File, Format Version 12.00
# Visual Studio Version 16
VisualStudioVersion = 16.0.29728.190
MinimumVisualStudioVersion = 10.0.40219.1
Project("{FAE04EC0-301F-11D3-BF4B-00C04F79EFBC}") = "BackApp", "BackApp\BackApp.csproj", "{86A7A107-CD41-4675-B52A-F3A8D7536410}"
EndProject
Global
	GlobalSection(SolutionConfigurationPlatforms) = preSolution
		Debug|Any CPU = Debug|Any CPU
		Release|Any CPU = Release|Any CPU
	EndGlobalSection
	GlobalSection(ProjectConfigurationPlatforms) = postSolution
		{86A7A107-CD41-4675-B52A-F3A8D7536410}.Debug|Any CPU.ActiveCfg = Debug|Any CPU
		{86A7A107-CD41-4675-B52A-F3A8D7536410}.Debug|Any CPU.Build.0 = Debug|Any CPU
		{86A7A107-CD41-4675-B52A-F3A8D7536410}.Release|Any CPU.ActiveCfg = Release|Any CPU
		{86A7A107-CD41-4675-B52A-F3A8D7536410}.Release|Any CPU.Build.0 = Release|Any CPU
	EndGlobalSection
	GlobalSection(SolutionProperties) = preSolution
		HideSolutionNode = FALSE
	EndGlobalSection
	GlobalSection(ExtensibilityGlobals) = postSolution
		SolutionGuid = {D40F62A4-3F70-4ADF-9872-EAC3BAE614B0}
	EndGlobalSection
EndGlobal
